# This file is automatically generated by wit.
# It is not intended for manual editing.
version = 1

[[package]]
name = "wasi:filesystem"

[[package.version]]
requirement = "^0.2.0"
version = "0.2.0"
digest = "sha256:4a386e8397fed91dfde4b3ec79a7b795f2f5760086f4aec6d88feda1c2ce1163"

[[package]]
name = "wasi:http"

[[package.version]]
requirement = "^0.2.0"
version = "0.2.0"
digest = "sha256:86b88194e2be1783f923cd87f7895c78278ca7ef8f854b29724914df6a5f38f2"
